Microsoft Visual Studio Solution File, Format Version 12.00
# Visual Studio Version 17
VisualStudioVersion = 17.5.2.0
MinimumVisualStudioVersion = 10.0.40219.1
Project("{FAE04EC0-301F-11D3-BF4B-00C04F79EFBC}") = "Vestiges", "Vestiges.csproj", "{D1A4EFAD-D206-35E3-E3B9-3A196009E367}"
EndProject
Global
	GlobalSection(SolutionConfigurationPlatforms) = preSolution
		Debug|Any CPU = Debug|Any CPU
		Release|Any CPU = Release|Any CPU
	EndGlobalSection
	GlobalSection(ProjectConfigurationPlatforms) = postSolution
		{D1A4EFAD-D206-35E3-E3B9-3A196009E367}.Debug|Any CPU.ActiveCfg = Debug|Any CPU
		{D1A4EFAD-D206-35E3-E3B9-3A196009E367}.Debug|Any CPU.Build.0 = Debug|Any CPU
		{D1A4EFAD-D206-35E3-E3B9-3A196009E367}.Release|Any CPU.ActiveCfg = Release|Any CPU
		{D1A4EFAD-D206-35E3-E3B9-3A196009E367}.Release|Any CPU.Build.0 = Release|Any CPU
	EndGlobalSection
	GlobalSection(SolutionProperties) = preSolution
		HideSolutionNode = FALSE
	EndGlobalSection
	GlobalSection(ExtensibilityGlobals) = postSolution
		SolutionGuid = {8411223D-8057-4EE8-BDE2-B0A043625F6C}
	EndGlobalSection
EndGlobal
